{
  "version": 4,
  "terraform_version": "1.6.6",
  "serial": 1,
  "lineage": "4a73dc30-826e-594b-1650-d4e5fc53aa1d",
  "outputs": {},
  "resources": [
    {
      "mode": "managed",
      "type": "github_repository",
      "name": "aws-codepipleline-project",
      "provider": "provider[\"registry.terraform.io/integrations/github\"]",
      "instances": [
        {
          "schema_version": 1,
          "attributes": {
            "allow_auto_merge": false,
            "allow_merge_commit": true,
            "allow_rebase_merge": true,
            "allow_squash_merge": true,
            "allow_update_branch": false,
            "archive_on_destroy": null,
            "archived": false,
            "auto_init": null,
            "default_branch": "main",
            "delete_branch_on_merge": false,
            "description": "building aws CICD codebase",
            "etag": "W/\"5c5b6ccca60cddeebf341b601549a862735805ff9532016c8a6fcbe579d6db08\"",
            "full_name": "okeymcokoli/AWS-Codepipeline-Project",
            "git_clone_url": "git://github.com/okeymcokoli/AWS-Codepipeline-Project.git",
            "gitignore_template": null,
            "has_discussions": false,
            "has_downloads": false,
            "has_issues": false,
            "has_projects": false,
            "has_wiki": false,
            "homepage_url": "",
            "html_url": "https://github.com/okeymcokoli/AWS-Codepipeline-Project",
            "http_clone_url": "https://github.com/okeymcokoli/AWS-Codepipeline-Project.git",
            "id": "AWS-Codepipeline-Project",
            "ignore_vulnerability_alerts_during_read": null,
            "is_template": false,
            "license_template": null,
            "merge_commit_message": "PR_TITLE",
            "merge_commit_title": "MERGE_MESSAGE",
            "name": "AWS-Codepipeline-Project",
            "node_id": "R_kgDOLkIa7A",
            "pages": [],
            "primary_language": "",
            "private": false,
            "repo_id": 776084204,
            "security_and_analysis": [
              {
                "advanced_security": [],
                "secret_scanning": [
                  {
                    "status": "enabled"
                  }
                ],
                "secret_scanning_push_protection": [
                  {
                    "status": "enabled"
                  }
                ]
              }
            ],
            "squash_merge_commit_message": "COMMIT_MESSAGES",
            "squash_merge_commit_title": "COMMIT_OR_PR_TITLE",
            "ssh_clone_url": "git@github.com:okeymcokoli/AWS-Codepipeline-Project.git",
            "svn_url": "https://github.com/okeymcokoli/AWS-Codepipeline-Project",
            "template": [],
            "topics": [],
            "visibility": "public",
            "vulnerability_alerts": false,
            "web_commit_signoff_required": false
          },
          "sensitive_attributes": [],
          "private": "eyJzY2hlbWFfdmVyc2lvbiI6IjEifQ=="
        }
      ]
    }
  ],
  "check_results": null
}
